
Microsoft Visual Studio Solution File, Format Version 12.00
# Visual Studio Version 17
VisualStudioVersion = 17.1.32319.34
MinimumVisualStudioVersion = 10.0.40219.1
Project("{9A19103F-16F7-4668-BE54-9A1E7A4F7556}") = "split_pdf", "split_pdf\split_pdf.csproj", "{F3711F84-979C-43F2-B6D9-DC5FE0DAD4F0}"
EndProject
Project("{FAE04EC0-301F-11D3-BF4B-00C04F79EFBC}") = "Free", "Free\Free.csproj", "{16C6F51F-C31C-4C3F-8BDD-21B92EA66457}"
EndProject
Global
	GlobalSection(SolutionConfigurationPlatforms) = preSolution
		Debug|Any CPU = Debug|Any CPU
		Release|Any CPU = Release|Any CPU
	EndGlobalSection
	GlobalSection(ProjectConfigurationPlatforms) = postSolution
		{F3711F84-979C-43F2-B6D9-DC5FE0DAD4F0}.Debug|Any CPU.ActiveCfg = Debug|Any CPU
		{F3711F84-979C-43F2-B6D9-DC5FE0DAD4F0}.Debug|Any CPU.Build.0 = Debug|Any CPU
		{F3711F84-979C-43F2-B6D9-DC5FE0DAD4F0}.Release|Any CPU.ActiveCfg = Release|Any CPU
		{F3711F84-979C-43F2-B6D9-DC5FE0DAD4F0}.Release|Any CPU.Build.0 = Release|Any CPU
		{16C6F51F-C31C-4C3F-8BDD-21B92EA66457}.Debug|Any CPU.ActiveCfg = Debug|Any CPU
		{16C6F51F-C31C-4C3F-8BDD-21B92EA66457}.Debug|Any CPU.Build.0 = Debug|Any CPU
		{16C6F51F-C31C-4C3F-8BDD-21B92EA66457}.Release|Any CPU.ActiveCfg = Release|Any CPU
		{16C6F51F-C31C-4C3F-8BDD-21B92EA66457}.Release|Any CPU.Build.0 = Release|Any CPU
	EndGlobalSection
	GlobalSection(SolutionProperties) = preSolution
		HideSolutionNode = FALSE
	EndGlobalSection
	GlobalSection(ExtensibilityGlobals) = postSolution
		SolutionGuid = {EDA5F589-7DDC-48E0-8122-932914DEEAAF}
	EndGlobalSection
EndGlobal
